PODS:
  - Log (1.0)
  - NetKit (0.1.0):
    - Log
    - SwiftyJSON
  - Nimble (5.1.1)
  - Quick (1.0.0)
  - SwiftyJSON (3.1.4)

DEPENDENCIES:
  - NetKit (from `../`)
  - Nimble (~> 5.1.1)
  - Quick (~> 1.0.0)

EXTERNAL SOURCES:
  NetKit:
    :path: ../

SPEC CHECKSUMS:
  Log: 5e368c9528db07517d18d2d04ff5fe2b6f5a1e21
  NetKit: 1b9f2b250d1f8939e6a7c57bbbb73c35b1aa2a2f
  Nimble: 415e3aa3267e7bc2c96b05fa814ddea7bb686a29
  Quick: 8024e4a47e6cc03a9d5245ef0948264fc6d27cff
  SwiftyJSON: c2842d878f95482ffceec5709abc3d05680c0220

PODFILE CHECKSUM: e439bfe1fbceb545e10f54baf738f4d224c65080

COCOAPODS: 1.2.0
