PODS:
  - KalturaNetKit (0.0.17):
    - KalturaNetKit/Core (= 0.0.17)
  - KalturaNetKit/Core (0.0.17):
    - SwiftyJSON
  - KalturaNetKit/Services (0.0.17):
    - KalturaNetKit/Core
  - Nimble (5.1.1)
  - Quick (1.0.0)
  - SwiftyJSON (3.1.4)

DEPENDENCIES:
  - KalturaNetKit (from `../`)
  - KalturaNetKit/Services (from `../`)
  - Nimble (~> 5.1.1)
  - Quick (~> 1.0.0)

EXTERNAL SOURCES:
  KalturaNetKit:
    :path: ../

SPEC CHECKSUMS:
  KalturaNetKit: 9a993f26e27d38721d61d96583f4a66460b67398
  Nimble: 415e3aa3267e7bc2c96b05fa814ddea7bb686a29
  Quick: 8024e4a47e6cc03a9d5245ef0948264fc6d27cff
  SwiftyJSON: c2842d878f95482ffceec5709abc3d05680c0220

PODFILE CHECKSUM: 5240afba9f76add2d36ad59ed4d342fec3cab46b

COCOAPODS: 1.2.1
